
Microsoft Visual Studio Solution File, Format Version 12.00
# Visual Studio Version 17
VisualStudioVersion = 17.6.33815.320
MinimumVisualStudioVersion = 10.0.40219.1
Project("{FAE04EC0-301F-11D3-BF4B-00C04F79EFBC}") = "TMapper", "TMapper\TMapper.csproj", "{51C73A27-0D7D-4AF8-ADEA-7CBAD3BD24F8}"
EndProject
Global
	GlobalSection(SolutionConfigurationPlatforms) = preSolution
		Debug|Any CPU = Debug|Any CPU
		Release|Any CPU = Release|Any CPU
	EndGlobalSection
	GlobalSection(ProjectConfigurationPlatforms) = postSolution
		{51C73A27-0D7D-4AF8-ADEA-7CBAD3BD24F8}.Debug|Any CPU.ActiveCfg = Debug|Any CPU
		{51C73A27-0D7D-4AF8-ADEA-7CBAD3BD24F8}.Debug|Any CPU.Build.0 = Debug|Any CPU
		{51C73A27-0D7D-4AF8-ADEA-7CBAD3BD24F8}.Release|Any CPU.ActiveCfg = Release|Any CPU
		{51C73A27-0D7D-4AF8-ADEA-7CBAD3BD24F8}.Release|Any CPU.Build.0 = Release|Any CPU
	EndGlobalSection
	GlobalSection(SolutionProperties) = preSolution
		HideSolutionNode = FALSE
	EndGlobalSection
	GlobalSection(ExtensibilityGlobals) = postSolution
		SolutionGuid = {EEE626C9-4675-4CEC-A5A7-EF24340A6053}
	EndGlobalSection
EndGlobal
